
Microsoft Visual Studio Solution File, Format Version 12.00
# Visual Studio 2012
Project("{FAE04EC0-301F-11D3-BF4B-00C04F79EFBC}") = "comic-book-gallery", "comic-book-gallery\comic-book-gallery.csproj", "{3F9A6B06-F5D9-406A-847F-2956F0EB869B}"
EndProject
Project("{FAE04EC0-301F-11D3-BF4B-00C04F79EFBC}") = "comic-book-gallery.Tests", "comic-book-gallery.Tests\comic-book-gallery.Tests.csproj", "{16338594-0700-413E-8B6B-A71AAE385561}"
EndProject
Global
	GlobalSection(SolutionConfigurationPlatforms) = preSolution
		Debug|Any CPU = Debug|Any CPU
		Release|Any CPU = Release|Any CPU
	EndGlobalSection
	GlobalSection(ProjectConfigurationPlatforms) = postSolution
		{3F9A6B06-F5D9-406A-847F-2956F0EB869B}.Debug|Any CPU.ActiveCfg = Debug|Any CPU
		{3F9A6B06-F5D9-406A-847F-2956F0EB869B}.Debug|Any CPU.Build.0 = Debug|Any CPU
		{3F9A6B06-F5D9-406A-847F-2956F0EB869B}.Release|Any CPU.ActiveCfg = Release|Any CPU
		{3F9A6B06-F5D9-406A-847F-2956F0EB869B}.Release|Any CPU.Build.0 = Release|Any CPU
		{16338594-0700-413E-8B6B-A71AAE385561}.Debug|Any CPU.ActiveCfg = Debug|Any CPU
		{16338594-0700-413E-8B6B-A71AAE385561}.Debug|Any CPU.Build.0 = Debug|Any CPU
		{16338594-0700-413E-8B6B-A71AAE385561}.Release|Any CPU.ActiveCfg = Release|Any CPU
		{16338594-0700-413E-8B6B-A71AAE385561}.Release|Any CPU.Build.0 = Release|Any CPU
	EndGlobalSection
EndGlobal
